
Microsoft Visual Studio Solution File, Format Version 12.00
# Visual Studio 15
VisualStudioVersion = 15.0.27703.2035
MinimumVisualStudioVersion = 10.0.40219.1
Project("{FAE04EC0-301F-11D3-BF4B-00C04F79EFBC}") = "Trivial", "Trivial\Trivial.csproj", "{31B81F23-6544-444E-B5A9-DC70DC1CBC38}"
EndProject
Global
	GlobalSection(SolutionConfigurationPlatforms) = preSolution
		Debug|Any CPU = Debug|Any CPU
		Release|Any CPU = Release|Any CPU
	EndGlobalSection
	GlobalSection(ProjectConfigurationPlatforms) = postSolution
		{31B81F23-6544-444E-B5A9-DC70DC1CBC38}.Debug|Any CPU.ActiveCfg = Debug|Any CPU
		{31B81F23-6544-444E-B5A9-DC70DC1CBC38}.Debug|Any CPU.Build.0 = Debug|Any CPU
		{31B81F23-6544-444E-B5A9-DC70DC1CBC38}.Release|Any CPU.ActiveCfg = Release|Any CPU
		{31B81F23-6544-444E-B5A9-DC70DC1CBC38}.Release|Any CPU.Build.0 = Release|Any CPU
	EndGlobalSection
	GlobalSection(SolutionProperties) = preSolution
		HideSolutionNode = FALSE
	EndGlobalSection
	GlobalSection(ExtensibilityGlobals) = postSolution
		SolutionGuid = {F2C6A7D3-3043-4E2B-957C-FA9DC48557F8}
	EndGlobalSection
EndGlobal
